
Microsoft Visual Studio Solution File, Format Version 12.00
# Visual Studio Version 16
VisualStudioVersion = 16.0.29613.14
MinimumVisualStudioVersion = 10.0.40219.1
Project("{FAE04EC0-301F-11D3-BF4B-00C04F79EFBC}") = "ProEntity", "ProEntity\ProEntity.csproj", "{CD1C5187-6769-46CC-B12C-8F8A38AF355C}"
EndProject
Global
	GlobalSection(SolutionConfigurationPlatforms) = preSolution
		Debug|Any CPU = Debug|Any CPU
		Release|Any CPU = Release|Any CPU
	EndGlobalSection
	GlobalSection(ProjectConfigurationPlatforms) = postSolution
		{CD1C5187-6769-46CC-B12C-8F8A38AF355C}.Debug|Any CPU.ActiveCfg = Debug|Any CPU
		{CD1C5187-6769-46CC-B12C-8F8A38AF355C}.Debug|Any CPU.Build.0 = Debug|Any CPU
		{CD1C5187-6769-46CC-B12C-8F8A38AF355C}.Release|Any CPU.ActiveCfg = Release|Any CPU
		{CD1C5187-6769-46CC-B12C-8F8A38AF355C}.Release|Any CPU.Build.0 = Release|Any CPU
	EndGlobalSection
	GlobalSection(SolutionProperties) = preSolution
		HideSolutionNode = FALSE
	EndGlobalSection
	GlobalSection(ExtensibilityGlobals) = postSolution
		SolutionGuid = {10518B64-7FEC-40AA-98CB-517E6430539A}
	EndGlobalSection
EndGlobal
